// !$*UTF8*$!
{
	archiveVersion = 1;
	classes = {
	};
	objectVersion = 46;
	objects = {

/* Begin PBXBuildFile section */
		767D425B3163CC64BBFC1B92 /* Pods_Simplyred.framework in Frameworks */ = {isa = PBXBuildFile; fileRef = 36B3D54CDCFCFF0215FF0974 /* Pods_Simplyred.framework */; };
		BDBF1B1285180679CE293AA7 /* Pods_SwiftIntegration.framework in Frameworks */ = {isa = PBXBuildFile; fileRef = 9826F2062C98EC7DDBE2827F /* Pods_SwiftIntegration.framework */; };
		D500CD0A1CE9D05300782096 /* ic_apple_logo_black.png in Resources */ = {isa = PBXBuildFile; fileRef = D500CD091CE9D05300782096 /* ic_apple_logo_black.png */; };
		D500CD1A1CE9DDC100782096 /* ic_action_arrow_app_wall_mobrand.png in Resources */ = {isa = PBXBuildFile; fileRef = D500CD191CE9DDC100782096 /* ic_action_arrow_app_wall_mobrand.png */; };
		D500CD1C1CE9DE5800782096 /* ic_action_games_app_wall_mobrand.png in Resources */ = {isa = PBXBuildFile; fileRef = D500CD1B1CE9DE5800782096 /* ic_action_games_app_wall_mobrand.png */; };
		D500CD261CE9EE9000782096 /* Simplyred.h in Headers */ = {isa = PBXBuildFile; fileRef = D500CD251CE9EE9000782096 /* Simplyred.h */; settings = {ATTRIBUTES = (Public, ); }; };
		D500CD2A1CE9EE9000782096 /* Simplyred.framework in Frameworks */ = {isa = PBXBuildFile; fileRef = D500CD231CE9EE9000782096 /* Simplyred.framework */; };
		D500CD2B1CE9EE9000782096 /* Simplyred.framework in Embed Frameworks */ = {isa = PBXBuildFile; fileRef = D500CD231CE9EE9000782096 /* Simplyred.framework */; settings = {ATTRIBUTES = (CodeSignOnCopy, RemoveHeadersOnCopy, ); }; };
		D500CD381CEA12DE00782096 /* InterstitialViewController.swift in Sources */ = {isa = PBXBuildFile; fileRef = D500CD361CEA12DE00782096 /* InterstitialViewController.swift */; };
		D500CD391CEA12DE00782096 /* InterstitialViewController.xib in Resources */ = {isa = PBXBuildFile; fileRef = D500CD371CEA12DE00782096 /* InterstitialViewController.xib */; };
		D51801C51CEB779D00F3AA8D /* Images.xcassets in Resources */ = {isa = PBXBuildFile; fileRef = D51801C41CEB779D00F3AA8D /* Images.xcassets */; };
		D53BAF621CE23F830042DAB8 /* Image.swift in Sources */ = {isa = PBXBuildFile; fileRef = D53BAF551CE23F830042DAB8 /* Image.swift */; };
		D53BAF631CE23F830042DAB8 /* ImageCache.swift in Sources */ = {isa = PBXBuildFile; fileRef = D53BAF561CE23F830042DAB8 /* ImageCache.swift */; };
		D53BAF641CE23F830042DAB8 /* ImageDownloader.swift in Sources */ = {isa = PBXBuildFile; fileRef = D53BAF571CE23F830042DAB8 /* ImageDownloader.swift */; };
		D53BAF651CE23F830042DAB8 /* ImagePrefetcher.swift in Sources */ = {isa = PBXBuildFile; fileRef = D53BAF581CE23F830042DAB8 /* ImagePrefetcher.swift */; };
		D53BAF661CE23F830042DAB8 /* ImageTransition.swift in Sources */ = {isa = PBXBuildFile; fileRef = D53BAF591CE23F830042DAB8 /* ImageTransition.swift */; };
		D53BAF671CE23F830042DAB8 /* ImageView+Kingfisher.swift in Sources */ = {isa = PBXBuildFile; fileRef = D53BAF5A1CE23F830042DAB8 /* ImageView+Kingfisher.swift */; };
		D53BAF691CE23F830042DAB8 /* KingfisherManager.swift in Sources */ = {isa = PBXBuildFile; fileRef = D53BAF5C1CE23F830042DAB8 /* KingfisherManager.swift */; };
		D53BAF6A1CE23F830042DAB8 /* KingfisherOptionsInfo.swift in Sources */ = {isa = PBXBuildFile; fileRef = D53BAF5D1CE23F830042DAB8 /* KingfisherOptionsInfo.swift */; };
		D53BAF6B1CE23F830042DAB8 /* Resource.swift in Sources */ = {isa = PBXBuildFile; fileRef = D53BAF5E1CE23F830042DAB8 /* Resource.swift */; };
		D53BAF6C1CE23F830042DAB8 /* String+MD5.swift in Sources */ = {isa = PBXBuildFile; fileRef = D53BAF5F1CE23F830042DAB8 /* String+MD5.swift */; };
		D53BAF6D1CE23F830042DAB8 /* ThreadHelper.swift in Sources */ = {isa = PBXBuildFile; fileRef = D53BAF601CE23F830042DAB8 /* ThreadHelper.swift */; };
		D53BAF6E1CE23F830042DAB8 /* UIButton+Kingfisher.swift in Sources */ = {isa = PBXBuildFile; fileRef = D53BAF611CE23F830042DAB8 /* UIButton+Kingfisher.swift */; };
		D53BAF741CE23FB80042DAB8 /* LoadingOverlay.swift in Sources */ = {isa = PBXBuildFile; fileRef = D53BAF721CE23FB80042DAB8 /* LoadingOverlay.swift */; };
		D53BAF751CE23FB80042DAB8 /* ImageLoader.swift in Sources */ = {isa = PBXBuildFile; fileRef = D53BAF731CE23FB80042DAB8 /* ImageLoader.swift */; };
		D53BAF771CE23FCB0042DAB8 /* AppWallAd.swift in Sources */ = {isa = PBXBuildFile; fileRef = D53BAF761CE23FCB0042DAB8 /* AppWallAd.swift */; };
		D53BAF801CE23FF90042DAB8 /* AdsType.swift in Sources */ = {isa = PBXBuildFile; fileRef = D53BAF7A1CE23FF90042DAB8 /* AdsType.swift */; };
		D53BAF811CE23FF90042DAB8 /* UiObjModelContainer.swift in Sources */ = {isa = PBXBuildFile; fileRef = D53BAF7B1CE23FF90042DAB8 /* UiObjModelContainer.swift */; };
		D53BAF821CE23FF90042DAB8 /* AppWallColors.swift in Sources */ = {isa = PBXBuildFile; fileRef = D53BAF7C1CE23FF90042DAB8 /* AppWallColors.swift */; };
		D53BAF831CE23FF90042DAB8 /* AnimateUtil.swift in Sources */ = {isa = PBXBuildFile; fileRef = D53BAF7D1CE23FF90042DAB8 /* AnimateUtil.swift */; };
		D53BAF841CE23FF90042DAB8 /* CellAnimator.swift in Sources */ = {isa = PBXBuildFile; fileRef = D53BAF7E1CE23FF90042DAB8 /* CellAnimator.swift */; };
		D53BAF8A1CE2402F0042DAB8 /* AppWallContentViewController.swift in Sources */ = {isa = PBXBuildFile; fileRef = D53BAF861CE2402F0042DAB8 /* AppWallContentViewController.swift */; };
		D53BAF8B1CE2402F0042DAB8 /* AppWallContentViewController.xib in Resources */ = {isa = PBXBuildFile; fileRef = D53BAF871CE2402F0042DAB8 /* AppWallContentViewController.xib */; };
		D53BAF8C1CE2402F0042DAB8 /* AppWallViewController.swift in Sources */ = {isa = PBXBuildFile; fileRef = D53BAF881CE2402F0042DAB8 /* AppWallViewController.swift */; };
		D53BAF8D1CE2402F0042DAB8 /* AppWallViewController.xib in Resources */ = {isa = PBXBuildFile; fileRef = D53BAF891CE2402F0042DAB8 /* AppWallViewController.xib */; };
		D53BAF991CE2407F0042DAB8 /* MobrandAppWallSectionNameViewCell.swift in Sources */ = {isa = PBXBuildFile; fileRef = D53BAF911CE2407F0042DAB8 /* MobrandAppWallSectionNameViewCell.swift */; };
		D53BAF9A1CE2407F0042DAB8 /* MobrandAppWallSectionNameViewCell.xib in Resources */ = {isa = PBXBuildFile; fileRef = D53BAF921CE2407F0042DAB8 /* MobrandAppWallSectionNameViewCell.xib */; };
		D53BAF9B1CE2407F0042DAB8 /* MobrandAppWallSectionGridItemsViewCell.swift in Sources */ = {isa = PBXBuildFile; fileRef = D53BAF931CE2407F0042DAB8 /* MobrandAppWallSectionGridItemsViewCell.swift */; };
		D53BAF9C1CE2407F0042DAB8 /* MobrandAppWallSectionGridItemsViewCell.xib in Resources */ = {isa = PBXBuildFile; fileRef = D53BAF941CE2407F0042DAB8 /* MobrandAppWallSectionGridItemsViewCell.xib */; };
		D53BAF9D1CE2407F0042DAB8 /* GridItemViewCell.swift in Sources */ = {isa = PBXBuildFile; fileRef = D53BAF951CE2407F0042DAB8 /* GridItemViewCell.swift */; };
		D53BAF9E1CE2407F0042DAB8 /* GridItemViewCell.xib in Resources */ = {isa = PBXBuildFile; fileRef = D53BAF961CE2407F0042DAB8 /* GridItemViewCell.xib */; };
		D53BAF9F1CE2407F0042DAB8 /* AppWallBrandViewCell.swift in Sources */ = {isa = PBXBuildFile; fileRef = D53BAF971CE2407F0042DAB8 /* AppWallBrandViewCell.swift */; };
		D53BAFA01CE2407F0042DAB8 /* AppWallBrandViewCell.xib in Resources */ = {isa = PBXBuildFile; fileRef = D53BAF981CE2407F0042DAB8 /* AppWallBrandViewCell.xib */; };
		D53BAFA41CE240A90042DAB8 /* UIColor.swift in Sources */ = {isa = PBXBuildFile; fileRef = D53BAFA21CE240A90042DAB8 /* UIColor.swift */; };
		D53BAFA51CE240A90042DAB8 /* UIViewController.swift in Sources */ = {isa = PBXBuildFile; fileRef = D53BAFA31CE240A90042DAB8 /* UIViewController.swift */; };
		D53BAFAF1CE240CC0042DAB8 /* ic_back_white_app_wall_mobrand.png in Resources */ = {isa = PBXBuildFile; fileRef = D53BAFA91CE240CC0042DAB8 /* ic_back_white_app_wall_mobrand.png */; };
		D53BAFB21CE240CC0042DAB8 /* ic_mobrando.png in Resources */ = {isa = PBXBuildFile; fileRef = D53BAFAC1CE240CC0042DAB8 /* ic_mobrando.png */; };
		D53BAFB41CE241E60042DAB8 /* MobrandAppWallFactory.swift in Sources */ = {isa = PBXBuildFile; fileRef = D53BAFB31CE241E60042DAB8 /* MobrandAppWallFactory.swift */; };
		D53BAFB71CE243B70042DAB8 /* PhoneUtils.swift in Sources */ = {isa = PBXBuildFile; fileRef = D53BAFB61CE243B70042DAB8 /* PhoneUtils.swift */; };
		D53BB0251CE2503C0042DAB8 /* AppDelegate.swift in Sources */ = {isa = PBXBuildFile; fileRef = D53BB0241CE2503C0042DAB8 /* AppDelegate.swift */; };
		D53BB0271CE2503C0042DAB8 /* ViewController.swift in Sources */ = {isa = PBXBuildFile; fileRef = D53BB0261CE2503C0042DAB8 /* ViewController.swift */; };
		D53BB02A1CE2503C0042DAB8 /* Main.storyboard in Resources */ = {isa = PBXBuildFile; fileRef = D53BB0281CE2503C0042DAB8 /* Main.storyboard */; };
		D53BB02C1CE2503C0042DAB8 /* Assets.xcassets in Resources */ = {isa = PBXBuildFile; fileRef = D53BB02B1CE2503C0042DAB8 /* Assets.xcassets */; };
		D53BB02F1CE2503C0042DAB8 /* LaunchScreen.storyboard in Resources */ = {isa = PBXBuildFile; fileRef = D53BB02D1CE2503C0042DAB8 /* LaunchScreen.storyboard */; };
		D53BB0381CE2504E0042DAB8 /* MobrandAppWall.framework in Frameworks */ = {isa = PBXBuildFile; fileRef = D53BAF261CE23D050042DAB8 /* MobrandAppWall.framework */; };
		D53BB0391CE2504E0042DAB8 /* MobrandAppWall.framework in Embed Frameworks */ = {isa = PBXBuildFile; fileRef = D53BAF261CE23D050042DAB8 /* MobrandAppWall.framework */; settings = {ATTRIBUTES = (CodeSignOnCopy, RemoveHeadersOnCopy, ); }; };
		D53BB0411CE250BC0042DAB8 /* ImageLoader.swift in Sources */ = {isa = PBXBuildFile; fileRef = D53BB03D1CE250BC0042DAB8 /* ImageLoader.swift */; };
		D53BB0421CE250BC0042DAB8 /* CustomAppWallViewController.swift in Sources */ = {isa = PBXBuildFile; fileRef = D53BB03E1CE250BC0042DAB8 /* CustomAppWallViewController.swift */; };
		D53BB0431CE250BC0042DAB8 /* CustomAppWallViewCell.swift in Sources */ = {isa = PBXBuildFile; fileRef = D53BB03F1CE250BC0042DAB8 /* CustomAppWallViewCell.swift */; };
		D53BB0441CE250BC0042DAB8 /* CustomAppWallViewCell.xib in Resources */ = {isa = PBXBuildFile; fileRef = D53BB0401CE250BC0042DAB8 /* CustomAppWallViewCell.xib */; };
		D5420E911CEF180800B1AFCE /* Pods_MobrandAppWall.framework in Frameworks */ = {isa = PBXBuildFile; fileRef = FC383E9CF4FF2951AD52E6D9 /* Pods_MobrandAppWall.framework */; };
		D55CE2D71CECBD5B00A0420B /* MobrandAppWall.h in Headers */ = {isa = PBXBuildFile; fileRef = D53BAF281CE23D050042DAB8 /* MobrandAppWall.h */; settings = {ATTRIBUTES = (Public, ); }; };
		D56826651CEA238500D852A3 /* store_logo.png in Resources */ = {isa = PBXBuildFile; fileRef = D56826641CEA238500D852A3 /* store_logo.png */; };
		D5BF7BA51CF337F700DB7935 /* Foundation.framework in Frameworks */ = {isa = PBXBuildFile; fileRef = D53BAF1F1CE23C220042DAB8 /* Foundation.framework */; };
		D5BF7BA61CF337FC00DB7935 /* Foundation.framework in Frameworks */ = {isa = PBXBuildFile; fileRef = D53BAF1F1CE23C220042DAB8 /* Foundation.framework */; };
		D5BF7BA81CF3389000DB7935 /* CFNetwork.framework in Frameworks */ = {isa = PBXBuildFile; fileRef = D5BF7BA71CF3389000DB7935 /* CFNetwork.framework */; };
		D5C0D0BB1CEA25FC00B44A5C /* InterstitialAd.swift in Sources */ = {isa = PBXBuildFile; fileRef = D5C0D0BA1CEA25FC00B44A5C /* InterstitialAd.swift */; };
		D5C0D0BD1CEA269E00B44A5C /* LoadingOverlay.swift in Sources */ = {isa = PBXBuildFile; fileRef = D5C0D0BC1CEA269E00B44A5C /* LoadingOverlay.swift */; };
		D5C0D0BF1CEA282F00B44A5C /* ImageLoader.swift in Sources */ = {isa = PBXBuildFile; fileRef = D5C0D0BE1CEA282F00B44A5C /* ImageLoader.swift */; };
		D5C0D0C11CEA300200B44A5C /* add_icon.png in Resources */ = {isa = PBXBuildFile; fileRef = D5C0D0C01CEA300200B44A5C /* add_icon.png */; };
		D5C8FEAA1CEA1396000DEBDB /* MobrandInterstitialFactory.swift in Sources */ = {isa = PBXBuildFile; fileRef = D5C8FEA91CEA1396000DEBDB /* MobrandInterstitialFactory.swift */; };
		D5C8FEAD1CEA1419000DEBDB /* UIColor.swift in Sources */ = {isa = PBXBuildFile; fileRef = D5C8FEAC1CEA1419000DEBDB /* UIColor.swift */; };
		D5C8FEAF1CEA142A000DEBDB /* UIViewController.swift in Sources */ = {isa = PBXBuildFile; fileRef = D5C8FEAE1CEA142A000DEBDB /* UIViewController.swift */; };
		D5C8FEB21CEA176D000DEBDB /* FloatRatingView.swift in Sources */ = {isa = PBXBuildFile; fileRef = D5C8FEB11CEA176D000DEBDB /* FloatRatingView.swift */; };
		D5C8FEB91CEA2044000DEBDB /* whitecross.png in Resources */ = {isa = PBXBuildFile; fileRef = D5C8FEB81CEA2044000DEBDB /* whitecross.png */; };
		D5DE85861CF70F5E00E4A151 /* CFNetwork.framework in Frameworks */ = {isa = PBXBuildFile; fileRef = D5BF7BA71CF3389000DB7935 /* CFNetwork.framework */; };
/* End PBXBuildFile section */

/* Begin PBXContainerItemProxy section */
		D500CD281CE9EE9000782096 /* PBXContainerItemProxy */ = {
			isa = PBXContainerItemProxy;
			containerPortal = D53BAF0B1CE23C000042DAB8 /* Project object */;
			proxyType = 1;
			remoteGlobalIDString = D500CD221CE9EE9000782096;
			remoteInfo = Simplyred;
		};
		D53BB03A1CE2504E0042DAB8 /* PBXContainerItemProxy */ = {
			isa = PBXContainerItemProxy;
			containerPortal = D53BAF0B1CE23C000042DAB8 /* Project object */;
			proxyType = 1;
			remoteGlobalIDString = D53BAF251CE23D050042DAB8;
			remoteInfo = MobrandAppWall;
		};
/* End PBXContainerItemProxy section */

/* Begin PBXCopyFilesBuildPhase section */
		D53BB03C1CE2504E0042DAB8 /* Embed Frameworks */ = {
			isa = PBXCopyFilesBuildPhase;
			buildActionMask = 2147483647;
			dstPath = "";
			dstSubfolderSpec = 10;
			files = (
				D53BB0391CE2504E0042DAB8 /* MobrandAppWall.framework in Embed Frameworks */,
				D500CD2B1CE9EE9000782096 /* Simplyred.framework in Embed Frameworks */,
			);
			name = "Embed Frameworks";
			runOnlyForDeploymentPostprocessing = 0;
		};
/* End PBXCopyFilesBuildPhase section */

/* Begin PBXFileReference section */
		236926F78F37958C8FE08EBE /* Pods-Simplyred.release.xcconfig */ = {isa = PBXFileReference; includeInIndex = 1; lastKnownFileType = text.xcconfig; name = "Pods-Simplyred.release.xcconfig"; path = "Pods/Target Support Files/Pods-Simplyred/Pods-Simplyred.release.xcconfig"; sourceTree = "<group>"; };
		36B3D54CDCFCFF0215FF0974 /* Pods_Simplyred.framework */ = {isa = PBXFileReference; explicitFileType = wrapper.framework; includeInIndex = 0; path = Pods_Simplyred.framework; sourceTree = BUILT_PRODUCTS_DIR; };
		4E01956823E583DAB299DAAD /* Pods-Simplyred.debug.xcconfig */ = {isa = PBXFileReference; includeInIndex = 1; lastKnownFileType = text.xcconfig; name = "Pods-Simplyred.debug.xcconfig"; path = "Pods/Target Support Files/Pods-Simplyred/Pods-Simplyred.debug.xcconfig"; sourceTree = "<group>"; };
		73B2BE4981480D2495CD922D /* Pods-MobrandAppWall.debug.xcconfig */ = {isa = PBXFileReference; includeInIndex = 1; lastKnownFileType = text.xcconfig; name = "Pods-MobrandAppWall.debug.xcconfig"; path = "Pods/Target Support Files/Pods-MobrandAppWall/Pods-MobrandAppWall.debug.xcconfig"; sourceTree = "<group>"; };
		9195C2414A977F9AFC81A180 /* Pods-MobrandAppWall.release.xcconfig */ = {isa = PBXFileReference; includeInIndex = 1; lastKnownFileType = text.xcconfig; name = "Pods-MobrandAppWall.release.xcconfig"; path = "Pods/Target Support Files/Pods-MobrandAppWall/Pods-MobrandAppWall.release.xcconfig"; sourceTree = "<group>"; };
		9826F2062C98EC7DDBE2827F /* Pods_SwiftIntegration.framework */ = {isa = PBXFileReference; explicitFileType = wrapper.framework; includeInIndex = 0; path = Pods_SwiftIntegration.framework; sourceTree = BUILT_PRODUCTS_DIR; };
		D500CD091CE9D05300782096 /* ic_apple_logo_black.png */ = {isa = PBXFileReference; lastKnownFileType = image.png; path = ic_apple_logo_black.png; sourceTree = "<group>"; };
		D500CD191CE9DDC100782096 /* ic_action_arrow_app_wall_mobrand.png */ = {isa = PBXFileReference; lastKnownFileType = image.png; path = ic_action_arrow_app_wall_mobrand.png; sourceTree = "<group>"; };
		D500CD1B1CE9DE5800782096 /* ic_action_games_app_wall_mobrand.png */ = {isa = PBXFileReference; lastKnownFileType = image.png; path = ic_action_games_app_wall_mobrand.png; sourceTree = "<group>"; };
		D500CD231CE9EE9000782096 /* Simplyred.framework */ = {isa = PBXFileReference; explicitFileType = wrapper.framework; includeInIndex = 0; path = Simplyred.framework; sourceTree = BUILT_PRODUCTS_DIR; };
		D500CD251CE9EE9000782096 /* Simplyred.h */ = {isa = PBXFileReference; lastKnownFileType = sourcecode.c.h; path = Simplyred.h; sourceTree = "<group>"; };
		D500CD271CE9EE9000782096 /* Info.plist */ = {isa = PBXFileReference; lastKnownFileType = text.plist.xml; path = Info.plist; sourceTree = "<group>"; };
		D500CD361CEA12DE00782096 /* InterstitialViewController.swift */ = {isa = PBXFileReference; fileEncoding = 4; lastKnownFileType = sourcecode.swift; path = InterstitialViewController.swift; sourceTree = "<group>"; };
		D500CD371CEA12DE00782096 /* InterstitialViewController.xib */ = {isa = PBXFileReference; fileEncoding = 4; lastKnownFileType = file.xib; path = InterstitialViewController.xib; sourceTree = "<group>"; };
		D51801C41CEB779D00F3AA8D /* Images.xcassets */ = {isa = PBXFileReference; lastKnownFileType = folder.assetcatalog; path = Images.xcassets; sourceTree = "<group>"; };
		D53BAF1F1CE23C220042DAB8 /* Foundation.framework */ = {isa = PBXFileReference; lastKnownFileType = wrapper.framework; name = Foundation.framework; path = System/Library/Frameworks/Foundation.framework; sourceTree = SDKROOT; };
		D53BAF261CE23D050042DAB8 /* MobrandAppWall.framework */ = {isa = PBXFileReference; explicitFileType = wrapper.framework; includeInIndex = 0; path = MobrandAppWall.framework; sourceTree = BUILT_PRODUCTS_DIR; };
		D53BAF281CE23D050042DAB8 /* MobrandAppWall.h */ = {isa = PBXFileReference; lastKnownFileType = sourcecode.c.h; path = MobrandAppWall.h; sourceTree = "<group>"; };
		D53BAF2A1CE23D050042DAB8 /* Info.plist */ = {isa = PBXFileReference; lastKnownFileType = text.plist.xml; path = Info.plist; sourceTree = "<group>"; };
		D53BAF551CE23F830042DAB8 /* Image.swift */ = {isa = PBXFileReference; fileEncoding = 4; lastKnownFileType = sourcecode.swift; path = Image.swift; sourceTree = "<group>"; };
		D53BAF561CE23F830042DAB8 /* ImageCache.swift */ = {isa = PBXFileReference; fileEncoding = 4; lastKnownFileType = sourcecode.swift; path = ImageCache.swift; sourceTree = "<group>"; };
		D53BAF571CE23F830042DAB8 /* ImageDownloader.swift */ = {isa = PBXFileReference; fileEncoding = 4; lastKnownFileType = sourcecode.swift; path = ImageDownloader.swift; sourceTree = "<group>"; };
		D53BAF581CE23F830042DAB8 /* ImagePrefetcher.swift */ = {isa = PBXFileReference; fileEncoding = 4; lastKnownFileType = sourcecode.swift; path = ImagePrefetcher.swift; sourceTree = "<group>"; };
		D53BAF591CE23F830042DAB8 /* ImageTransition.swift */ = {isa = PBXFileReference; fileEncoding = 4; lastKnownFileType = sourcecode.swift; path = ImageTransition.swift; sourceTree = "<group>"; };
		D53BAF5A1CE23F830042DAB8 /* ImageView+Kingfisher.swift */ = {isa = PBXFileReference; fileEncoding = 4; lastKnownFileType = sourcecode.swift; path = "ImageView+Kingfisher.swift"; sourceTree = "<group>"; };
		D53BAF5C1CE23F830042DAB8 /* KingfisherManager.swift */ = {isa = PBXFileReference; fileEncoding = 4; lastKnownFileType = sourcecode.swift; path = KingfisherManager.swift; sourceTree = "<group>"; };
		D53BAF5D1CE23F830042DAB8 /* KingfisherOptionsInfo.swift */ = {isa = PBXFileReference; fileEncoding = 4; lastKnownFileType = sourcecode.swift; path = KingfisherOptionsInfo.swift; sourceTree = "<group>"; };
		D53BAF5E1CE23F830042DAB8 /* Resource.swift */ = {isa = PBXFileReference; fileEncoding = 4; lastKnownFileType = sourcecode.swift; path = Resource.swift; sourceTree = "<group>"; };
		D53BAF5F1CE23F830042DAB8 /* String+MD5.swift */ = {isa = PBXFileReference; fileEncoding = 4; lastKnownFileType = sourcecode.swift; path = "String+MD5.swift"; sourceTree = "<group>"; };
		D53BAF601CE23F830042DAB8 /* ThreadHelper.swift */ = {isa = PBXFileReference; fileEncoding = 4; lastKnownFileType = sourcecode.swift; path = ThreadHelper.swift; sourceTree = "<group>"; };
		D53BAF611CE23F830042DAB8 /* UIButton+Kingfisher.swift */ = {isa = PBXFileReference; fileEncoding = 4; lastKnownFileType = sourcecode.swift; path = "UIButton+Kingfisher.swift"; sourceTree = "<group>"; };
		D53BAF721CE23FB80042DAB8 /* LoadingOverlay.swift */ = {isa = PBXFileReference; fileEncoding = 4; lastKnownFileType = sourcecode.swift; path = LoadingOverlay.swift; sourceTree = "<group>"; };
		D53BAF731CE23FB80042DAB8 /* ImageLoader.swift */ = {isa = PBXFileReference; fileEncoding = 4; lastKnownFileType = sourcecode.swift; path = ImageLoader.swift; sourceTree = "<group>"; };
		D53BAF761CE23FCB0042DAB8 /* AppWallAd.swift */ = {isa = PBXFileReference; fileEncoding = 4; lastKnownFileType = sourcecode.swift; path = AppWallAd.swift; sourceTree = "<group>"; };
		D53BAF7A1CE23FF90042DAB8 /* AdsType.swift */ = {isa = PBXFileReference; fileEncoding = 4; lastKnownFileType = sourcecode.swift; path = AdsType.swift; sourceTree = "<group>"; };
		D53BAF7B1CE23FF90042DAB8 /* UiObjModelContainer.swift */ = {isa = PBXFileReference; fileEncoding = 4; lastKnownFileType = sourcecode.swift; path = UiObjModelContainer.swift; sourceTree = "<group>"; };
		D53BAF7C1CE23FF90042DAB8 /* AppWallColors.swift */ = {isa = PBXFileReference; fileEncoding = 4; lastKnownFileType = sourcecode.swift; path = AppWallColors.swift; sourceTree = "<group>"; };
		D53BAF7D1CE23FF90042DAB8 /* AnimateUtil.swift */ = {isa = PBXFileReference; fileEncoding = 4; lastKnownFileType = sourcecode.swift; path = AnimateUtil.swift; sourceTree = "<group>"; };
		D53BAF7E1CE23FF90042DAB8 /* CellAnimator.swift */ = {isa = PBXFileReference; fileEncoding = 4; lastKnownFileType = sourcecode.swift; path = CellAnimator.swift; sourceTree = "<group>"; };
		D53BAF861CE2402F0042DAB8 /* AppWallContentViewController.swift */ = {isa = PBXFileReference; fileEncoding = 4; lastKnownFileType = sourcecode.swift; path = AppWallContentViewController.swift; sourceTree = "<group>"; };
		D53BAF871CE2402F0042DAB8 /* AppWallContentViewController.xib */ = {isa = PBXFileReference; fileEncoding = 4; lastKnownFileType = file.xib; path = AppWallContentViewController.xib; sourceTree = "<group>"; };
		D53BAF881CE2402F0042DAB8 /* AppWallViewController.swift */ = {isa = PBXFileReference; fileEncoding = 4; lastKnownFileType = sourcecode.swift; path = AppWallViewController.swift; sourceTree = "<group>"; };
		D53BAF891CE2402F0042DAB8 /* AppWallViewController.xib */ = {isa = PBXFileReference; fileEncoding = 4; lastKnownFileType = file.xib; path = AppWallViewController.xib; sourceTree = "<group>"; };
		D53BAF911CE2407F0042DAB8 /* MobrandAppWallSectionNameViewCell.swift */ = {isa = PBXFileReference; fileEncoding = 4; lastKnownFileType = sourcecode.swift; path = MobrandAppWallSectionNameViewCell.swift; sourceTree = "<group>"; };
		D53BAF921CE2407F0042DAB8 /* MobrandAppWallSectionNameViewCell.xib */ = {isa = PBXFileReference; fileEncoding = 4; lastKnownFileType = file.xib; path = MobrandAppWallSectionNameViewCell.xib; sourceTree = "<group>"; };
		D53BAF931CE2407F0042DAB8 /* MobrandAppWallSectionGridItemsViewCell.swift */ = {isa = PBXFileReference; fileEncoding = 4; lastKnownFileType = sourcecode.swift; path = MobrandAppWallSectionGridItemsViewCell.swift; sourceTree = "<group>"; };
		D53BAF941CE2407F0042DAB8 /* MobrandAppWallSectionGridItemsViewCell.xib */ = {isa = PBXFileReference; fileEncoding = 4; lastKnownFileType = file.xib; path = MobrandAppWallSectionGridItemsViewCell.xib; sourceTree = "<group>"; };
		D53BAF951CE2407F0042DAB8 /* GridItemViewCell.swift */ = {isa = PBXFileReference; fileEncoding = 4; lastKnownFileType = sourcecode.swift; path = GridItemViewCell.swift; sourceTree = "<group>"; };
		D53BAF961CE2407F0042DAB8 /* GridItemViewCell.xib */ = {isa = PBXFileReference; fileEncoding = 4; lastKnownFileType = file.xib; path = GridItemViewCell.xib; sourceTree = "<group>"; };
		D53BAF971CE2407F0042DAB8 /* AppWallBrandViewCell.swift */ = {isa = PBXFileReference; fileEncoding = 4; lastKnownFileType = sourcecode.swift; path = AppWallBrandViewCell.swift; sourceTree = "<group>"; };
		D53BAF981CE2407F0042DAB8 /* AppWallBrandViewCell.xib */ = {isa = PBXFileReference; fileEncoding = 4; lastKnownFileType = file.xib; path = AppWallBrandViewCell.xib; sourceTree = "<group>"; };
		D53BAFA21CE240A90042DAB8 /* UIColor.swift */ = {isa = PBXFileReference; fileEncoding = 4; lastKnownFileType = sourcecode.swift; path = UIColor.swift; sourceTree = "<group>"; };
		D53BAFA31CE240A90042DAB8 /* UIViewController.swift */ = {isa = PBXFileReference; fileEncoding = 4; lastKnownFileType = sourcecode.swift; path = UIViewController.swift; sourceTree = "<group>"; };
		D53BAFA91CE240CC0042DAB8 /* ic_back_white_app_wall_mobrand.png */ = {isa = PBXFileReference; lastKnownFileType = image.png; path = ic_back_white_app_wall_mobrand.png; sourceTree = "<group>"; };
		D53BAFAC1CE240CC0042DAB8 /* ic_mobrando.png */ = {isa = PBXFileReference; lastKnownFileType = image.png; path = ic_mobrando.png; sourceTree = "<group>"; };
		D53BAFB31CE241E60042DAB8 /* MobrandAppWallFactory.swift */ = {isa = PBXFileReference; fileEncoding = 4; lastKnownFileType = sourcecode.swift; path = MobrandAppWallFactory.swift; sourceTree = "<group>"; };
		D53BAFB61CE243B70042DAB8 /* PhoneUtils.swift */ = {isa = PBXFileReference; fileEncoding = 4; lastKnownFileType = sourcecode.swift; path = PhoneUtils.swift; sourceTree = "<group>"; };
		D53BB0221CE2503C0042DAB8 /* SwiftIntegration.app */ = {isa = PBXFileReference; explicitFileType = wrapper.application; includeInIndex = 0; path = SwiftIntegration.app; sourceTree = BUILT_PRODUCTS_DIR; };
		D53BB0241CE2503C0042DAB8 /* AppDelegate.swift */ = {isa = PBXFileReference; lastKnownFileType = sourcecode.swift; path = AppDelegate.swift; sourceTree = "<group>"; };
		D53BB0261CE2503C0042DAB8 /* ViewController.swift */ = {isa = PBXFileReference; lastKnownFileType = sourcecode.swift; path = ViewController.swift; sourceTree = "<group>"; };
		D53BB0291CE2503C0042DAB8 /* Base */ = {isa = PBXFileReference; lastKnownFileType = file.storyboard; name = Base; path = Base.lproj/Main.storyboard; sourceTree = "<group>"; };
		D53BB02B1CE2503C0042DAB8 /* Assets.xcassets */ = {isa = PBXFileReference; lastKnownFileType = folder.assetcatalog; path = Assets.xcassets; sourceTree = "<group>"; };
		D53BB02E1CE2503C0042DAB8 /* Base */ = {isa = PBXFileReference; lastKnownFileType = file.storyboard; name = Base; path = Base.lproj/LaunchScreen.storyboard; sourceTree = "<group>"; };
		D53BB0301CE2503C0042DAB8 /* Info.plist */ = {isa = PBXFileReference; lastKnownFileType = text.plist.xml; path = Info.plist; sourceTree = "<group>"; };
		D53BB03D1CE250BC0042DAB8 /* ImageLoader.swift */ = {isa = PBXFileReference; fileEncoding = 4; lastKnownFileType = sourcecode.swift; path = ImageLoader.swift; sourceTree = "<group>"; };
		D53BB03E1CE250BC0042DAB8 /* CustomAppWallViewController.swift */ = {isa = PBXFileReference; fileEncoding = 4; lastKnownFileType = sourcecode.swift; path = CustomAppWallViewController.swift; sourceTree = "<group>"; };
		D53BB03F1CE250BC0042DAB8 /* CustomAppWallViewCell.swift */ = {isa = PBXFileReference; fileEncoding = 4; lastKnownFileType = sourcecode.swift; path = CustomAppWallViewCell.swift; sourceTree = "<group>"; };
		D53BB0401CE250BC0042DAB8 /* CustomAppWallViewCell.xib */ = {isa = PBXFileReference; fileEncoding = 4; lastKnownFileType = file.xib; path = CustomAppWallViewCell.xib; sourceTree = "<group>"; };
		D56826641CEA238500D852A3 /* store_logo.png */ = {isa = PBXFileReference; lastKnownFileType = image.png; path = store_logo.png; sourceTree = "<group>"; };
		D5BF7BA71CF3389000DB7935 /* CFNetwork.framework */ = {isa = PBXFileReference; lastKnownFileType = wrapper.framework; name = CFNetwork.framework; path = System/Library/Frameworks/CFNetwork.framework; sourceTree = SDKROOT; };
		D5C0D0BA1CEA25FC00B44A5C /* InterstitialAd.swift */ = {isa = PBXFileReference; fileEncoding = 4; lastKnownFileType = sourcecode.swift; path = InterstitialAd.swift; sourceTree = "<group>"; };
		D5C0D0BC1CEA269E00B44A5C /* LoadingOverlay.swift */ = {isa = PBXFileReference; fileEncoding = 4; lastKnownFileType = sourcecode.swift; path = LoadingOverlay.swift; sourceTree = "<group>"; };
		D5C0D0BE1CEA282F00B44A5C /* ImageLoader.swift */ = {isa = PBXFileReference; fileEncoding = 4; lastKnownFileType = sourcecode.swift; path = ImageLoader.swift; sourceTree = "<group>"; };
		D5C0D0C01CEA300200B44A5C /* add_icon.png */ = {isa = PBXFileReference; lastKnownFileType = image.png; path = add_icon.png; sourceTree = "<group>"; };
		D5C8FEA91CEA1396000DEBDB /* MobrandInterstitialFactory.swift */ = {isa = PBXFileReference; fileEncoding = 4; lastKnownFileType = sourcecode.swift; path = MobrandInterstitialFactory.swift; sourceTree = "<group>"; };
		D5C8FEAC1CEA1419000DEBDB /* UIColor.swift */ = {isa = PBXFileReference; fileEncoding = 4; lastKnownFileType = sourcecode.swift; path = UIColor.swift; sourceTree = "<group>"; };
		D5C8FEAE1CEA142A000DEBDB /* UIViewController.swift */ = {isa = PBXFileReference; fileEncoding = 4; lastKnownFileType = sourcecode.swift; path = UIViewController.swift; sourceTree = "<group>"; };
		D5C8FEB11CEA176D000DEBDB /* FloatRatingView.swift */ = {isa = PBXFileReference; fileEncoding = 4; lastKnownFileType = sourcecode.swift; path = FloatRatingView.swift; sourceTree = "<group>"; };
		D5C8FEB81CEA2044000DEBDB /* whitecross.png */ = {isa = PBXFileReference; lastKnownFileType = image.png; path = whitecross.png; sourceTree = "<group>"; };
		FC383E9CF4FF2951AD52E6D9 /* Pods_MobrandAppWall.framework */ = {isa = PBXFileReference; explicitFileType = wrapper.framework; includeInIndex = 0; path = Pods_MobrandAppWall.framework; sourceTree = BUILT_PRODUCTS_DIR; };
		FD104DA8CF7B58F0A11E4B39 /* Pods-SwiftIntegration.debug.xcconfig */ = {isa = PBXFileReference; includeInIndex = 1; lastKnownFileType = text.xcconfig; name = "Pods-SwiftIntegration.debug.xcconfig"; path = "Pods/Target Support Files/Pods-SwiftIntegration/Pods-SwiftIntegration.debug.xcconfig"; sourceTree = "<group>"; };
		FFD27B1E36B92242B2D7CBB8 /* Pods-SwiftIntegration.release.xcconfig */ = {isa = PBXFileReference; includeInIndex = 1; lastKnownFileType = text.xcconfig; name = "Pods-SwiftIntegration.release.xcconfig"; path = "Pods/Target Support Files/Pods-SwiftIntegration/Pods-SwiftIntegration.release.xcconfig"; sourceTree = "<group>"; };
/* End PBXFileReference section */

/* Begin PBXFrameworksBuildPhase section */
		D500CD1F1CE9EE9000782096 /* Frameworks */ = {
			isa = PBXFrameworksBuildPhase;
			buildActionMask = 2147483647;
			files = (
				D5DE85861CF70F5E00E4A151 /* CFNetwork.framework in Frameworks */,
				D5BF7BA51CF337F700DB7935 /* Foundation.framework in Frameworks */,
				767D425B3163CC64BBFC1B92 /* Pods_Simplyred.framework in Frameworks */,
			);
			runOnlyForDeploymentPostprocessing = 0;
		};
		D53BAF221CE23D050042DAB8 /* Frameworks */ = {
			isa = PBXFrameworksBuildPhase;
			buildActionMask = 2147483647;
			files = (
				D5BF7BA81CF3389000DB7935 /* CFNetwork.framework in Frameworks */,
				D5BF7BA61CF337FC00DB7935 /* Foundation.framework in Frameworks */,
				D5420E911CEF180800B1AFCE /* Pods_MobrandAppWall.framework in Frameworks */,
			);
			runOnlyForDeploymentPostprocessing = 0;
		};
		D53BB01F1CE2503C0042DAB8 /* Frameworks */ = {
			isa = PBXFrameworksBuildPhase;
			buildActionMask = 2147483647;
			files = (
				D53BB0381CE2504E0042DAB8 /* MobrandAppWall.framework in Frameworks */,
				D500CD2A1CE9EE9000782096 /* Simplyred.framework in Frameworks */,
				BDBF1B1285180679CE293AA7 /* Pods_SwiftIntegration.framework in Frameworks */,
			);
			runOnlyForDeploymentPostprocessing = 0;
		};
/* End PBXFrameworksBuildPhase section */

/* Begin PBXGroup section */
		4A689DA8090702F46ECAEB94 /* Pods */ = {
			isa = PBXGroup;
			children = (
				73B2BE4981480D2495CD922D /* Pods-MobrandAppWall.debug.xcconfig */,
				9195C2414A977F9AFC81A180 /* Pods-MobrandAppWall.release.xcconfig */,
				4E01956823E583DAB299DAAD /* Pods-Simplyred.debug.xcconfig */,
				236926F78F37958C8FE08EBE /* Pods-Simplyred.release.xcconfig */,
				FD104DA8CF7B58F0A11E4B39 /* Pods-SwiftIntegration.debug.xcconfig */,
				FFD27B1E36B92242B2D7CBB8 /* Pods-SwiftIntegration.release.xcconfig */,
			);
			name = Pods;
			sourceTree = "<group>";
		};
		BE3669734D061CDA1988AD4A /* Frameworks */ = {
			isa = PBXGroup;
			children = (
				D5BF7BA71CF3389000DB7935 /* CFNetwork.framework */,
				FC383E9CF4FF2951AD52E6D9 /* Pods_MobrandAppWall.framework */,
				36B3D54CDCFCFF0215FF0974 /* Pods_Simplyred.framework */,
				9826F2062C98EC7DDBE2827F /* Pods_SwiftIntegration.framework */,
			);
			name = Frameworks;
			sourceTree = "<group>";
		};
		D500CD241CE9EE9000782096 /* Simplyred */ = {
			isa = PBXGroup;
			children = (
				D5C0D0B91CEA25F100B44A5C /* Model */,
				D5C8FEAB1CEA1406000DEBDB /* Extensions */,
				D500CD3A1CEA12ED00782096 /* UI */,
				D5C8FEB51CEA1F68000DEBDB /* Resources */,
				D500CD251CE9EE9000782096 /* Simplyred.h */,
				D500CD271CE9EE9000782096 /* Info.plist */,
				D5C8FEA91CEA1396000DEBDB /* MobrandInterstitialFactory.swift */,
			);
			path = Simplyred;
			sourceTree = "<group>";
		};
		D500CD3A1CEA12ED00782096 /* UI */ = {
			isa = PBXGroup;
			children = (
				D5C0D0BC1CEA269E00B44A5C /* LoadingOverlay.swift */,
				D5C8FEB11CEA176D000DEBDB /* FloatRatingView.swift */,
				D500CD361CEA12DE00782096 /* InterstitialViewController.swift */,
				D500CD371CEA12DE00782096 /* InterstitialViewController.xib */,
				D5C0D0BE1CEA282F00B44A5C /* ImageLoader.swift */,
			);
			name = UI;
			sourceTree = "<group>";
		};
		D53BAF0A1CE23C000042DAB8 = {
			isa = PBXGroup;
			children = (
				D53BAF1F1CE23C220042DAB8 /* Foundation.framework */,
				D53BAF271CE23D050042DAB8 /* MobrandAppWall */,
				D500CD241CE9EE9000782096 /* Simplyred */,
				D53BB0231CE2503C0042DAB8 /* SwiftIntegration */,
				D53BAF151CE23C000042DAB8 /* Products */,
				4A689DA8090702F46ECAEB94 /* Pods */,
				BE3669734D061CDA1988AD4A /* Frameworks */,
			);
			sourceTree = "<group>";
		};
		D53BAF151CE23C000042DAB8 /* Products */ = {
			isa = PBXGroup;
			children = (
				D53BAF261CE23D050042DAB8 /* MobrandAppWall.framework */,
				D53BB0221CE2503C0042DAB8 /* SwiftIntegration.app */,
				D500CD231CE9EE9000782096 /* Simplyred.framework */,
			);
			name = Products;
			sourceTree = "<group>";
		};
		D53BAF271CE23D050042DAB8 /* MobrandAppWall */ = {
			isa = PBXGroup;
			children = (
				D53BAFB31CE241E60042DAB8 /* MobrandAppWallFactory.swift */,
				D53BAFA11CE240A10042DAB8 /* Extensions */,
				D53BAF781CE23FE90042DAB8 /* Utils */,
				D53BAF521CE23F540042DAB8 /* UI */,
				D53BAF511CE23F2F0042DAB8 /* Model */,
				D53BAFA61CE240C00042DAB8 /* Resources */,
				D53BAF281CE23D050042DAB8 /* MobrandAppWall.h */,
				D53BAF2A1CE23D050042DAB8 /* Info.plist */,
			);
			path = MobrandAppWall;
			sourceTree = "<group>";
		};
		D53BAF511CE23F2F0042DAB8 /* Model */ = {
			isa = PBXGroup;
			children = (
				D53BAF7A1CE23FF90042DAB8 /* AdsType.swift */,
				D53BAF761CE23FCB0042DAB8 /* AppWallAd.swift */,
			);
			name = Model;
			sourceTree = "<group>";
		};
		D53BAF521CE23F540042DAB8 /* UI */ = {
			isa = PBXGroup;
			children = (
				D53BAF901CE240720042DAB8 /* TableCells */,
				D53BAF851CE240200042DAB8 /* Controllers */,
				D53BAF531CE23F5B0042DAB8 /* Widgets */,
			);
			name = UI;
			sourceTree = "<group>";
		};
		D53BAF531CE23F5B0042DAB8 /* Widgets */ = {
			isa = PBXGroup;
			children = (
				D53BAF721CE23FB80042DAB8 /* LoadingOverlay.swift */,
				D53BAF731CE23FB80042DAB8 /* ImageLoader.swift */,
				D53BAF541CE23F6D0042DAB8 /* Kingfisher-ImageLoading */,
			);
			name = Widgets;
			sourceTree = "<group>";
		};
		D53BAF541CE23F6D0042DAB8 /* Kingfisher-ImageLoading */ = {
			isa = PBXGroup;
			children = (
				D53BAF551CE23F830042DAB8 /* Image.swift */,
				D53BAF561CE23F830042DAB8 /* ImageCache.swift */,
				D53BAF571CE23F830042DAB8 /* ImageDownloader.swift */,
				D53BAF581CE23F830042DAB8 /* ImagePrefetcher.swift */,
				D53BAF591CE23F830042DAB8 /* ImageTransition.swift */,
				D53BAF5A1CE23F830042DAB8 /* ImageView+Kingfisher.swift */,
				D53BAF5C1CE23F830042DAB8 /* KingfisherManager.swift */,
				D53BAF5D1CE23F830042DAB8 /* KingfisherOptionsInfo.swift */,
				D53BAF5E1CE23F830042DAB8 /* Resource.swift */,
				D53BAF5F1CE23F830042DAB8 /* String+MD5.swift */,
				D53BAF601CE23F830042DAB8 /* ThreadHelper.swift */,
				D53BAF611CE23F830042DAB8 /* UIButton+Kingfisher.swift */,
			);
			name = "Kingfisher-ImageLoading";
			sourceTree = "<group>";
		};
		D53BAF781CE23FE90042DAB8 /* Utils */ = {
			isa = PBXGroup;
			children = (
				D53BAFB61CE243B70042DAB8 /* PhoneUtils.swift */,
				D53BAF7B1CE23FF90042DAB8 /* UiObjModelContainer.swift */,
				D53BAF7C1CE23FF90042DAB8 /* AppWallColors.swift */,
				D53BAF7D1CE23FF90042DAB8 /* AnimateUtil.swift */,
				D53BAF7E1CE23FF90042DAB8 /* CellAnimator.swift */,
			);
			name = Utils;
			sourceTree = "<group>";
		};
		D53BAF851CE240200042DAB8 /* Controllers */ = {
			isa = PBXGroup;
			children = (
				D53BAF861CE2402F0042DAB8 /* AppWallContentViewController.swift */,
				D53BAF871CE2402F0042DAB8 /* AppWallContentViewController.xib */,
				D53BAF881CE2402F0042DAB8 /* AppWallViewController.swift */,
				D53BAF891CE2402F0042DAB8 /* AppWallViewController.xib */,
			);
			name = Controllers;
			sourceTree = "<group>";
		};
		D53BAF901CE240720042DAB8 /* TableCells */ = {
			isa = PBXGroup;
			children = (
				D53BAF911CE2407F0042DAB8 /* MobrandAppWallSectionNameViewCell.swift */,
				D53BAF921CE2407F0042DAB8 /* MobrandAppWallSectionNameViewCell.xib */,
				D53BAF931CE2407F0042DAB8 /* MobrandAppWallSectionGridItemsViewCell.swift */,
				D53BAF941CE2407F0042DAB8 /* MobrandAppWallSectionGridItemsViewCell.xib */,
				D53BAF951CE2407F0042DAB8 /* GridItemViewCell.swift */,
				D53BAF961CE2407F0042DAB8 /* GridItemViewCell.xib */,
				D53BAF971CE2407F0042DAB8 /* AppWallBrandViewCell.swift */,
				D53BAF981CE2407F0042DAB8 /* AppWallBrandViewCell.xib */,
			);
			name = TableCells;
			sourceTree = "<group>";
		};
		D53BAFA11CE240A10042DAB8 /* Extensions */ = {
			isa = PBXGroup;
			children = (
				D53BAFA21CE240A90042DAB8 /* UIColor.swift */,
				D53BAFA31CE240A90042DAB8 /* UIViewController.swift */,
			);
			name = Extensions;
			sourceTree = "<group>";
		};
		D53BAFA61CE240C00042DAB8 /* Resources */ = {
			isa = PBXGroup;
			children = (
				D500CD091CE9D05300782096 /* ic_apple_logo_black.png */,
				D53BAFA91CE240CC0042DAB8 /* ic_back_white_app_wall_mobrand.png */,
				D500CD1B1CE9DE5800782096 /* ic_action_games_app_wall_mobrand.png */,
				D500CD191CE9DDC100782096 /* ic_action_arrow_app_wall_mobrand.png */,
				D53BAFAC1CE240CC0042DAB8 /* ic_mobrando.png */,
			);
			name = Resources;
			sourceTree = "<group>";
		};
		D53BB0231CE2503C0042DAB8 /* SwiftIntegration */ = {
			isa = PBXGroup;
			children = (
				D53BB03D1CE250BC0042DAB8 /* ImageLoader.swift */,
				D53BB03E1CE250BC0042DAB8 /* CustomAppWallViewController.swift */,
				D53BB03F1CE250BC0042DAB8 /* CustomAppWallViewCell.swift */,
				D53BB0401CE250BC0042DAB8 /* CustomAppWallViewCell.xib */,
				D53BB0241CE2503C0042DAB8 /* AppDelegate.swift */,
				D53BB0261CE2503C0042DAB8 /* ViewController.swift */,
				D53BB0281CE2503C0042DAB8 /* Main.storyboard */,
				D53BB02B1CE2503C0042DAB8 /* Assets.xcassets */,
				D53BB02D1CE2503C0042DAB8 /* LaunchScreen.storyboard */,
				D53BB0301CE2503C0042DAB8 /* Info.plist */,
			);
			path = SwiftIntegration;
			sourceTree = "<group>";
		};
		D5C0D0B91CEA25F100B44A5C /* Model */ = {
			isa = PBXGroup;
			children = (
				D5C0D0BA1CEA25FC00B44A5C /* InterstitialAd.swift */,
			);
			name = Model;
			sourceTree = "<group>";
		};
		D5C8FEAB1CEA1406000DEBDB /* Extensions */ = {
			isa = PBXGroup;
			children = (
				D5C8FEAC1CEA1419000DEBDB /* UIColor.swift */,
				D5C8FEAE1CEA142A000DEBDB /* UIViewController.swift */,
			);
			name = Extensions;
			sourceTree = "<group>";
		};
		D5C8FEB51CEA1F68000DEBDB /* Resources */ = {
			isa = PBXGroup;
			children = (
				D51801C41CEB779D00F3AA8D /* Images.xcassets */,
				D56826641CEA238500D852A3 /* store_logo.png */,
				D5C0D0C01CEA300200B44A5C /* add_icon.png */,
				D5C8FEB81CEA2044000DEBDB /* whitecross.png */,
			);
			name = Resources;
			sourceTree = "<group>";
		};
/* End PBXGroup section */

/* Begin PBXHeadersBuildPhase section */
		D500CD201CE9EE9000782096 /* Headers */ = {
			isa = PBXHeadersBuildPhase;
			buildActionMask = 2147483647;
			files = (
				D500CD261CE9EE9000782096 /* Simplyred.h in Headers */,
			);
			runOnlyForDeploymentPostprocessing = 0;
		};
		D53BAF231CE23D050042DAB8 /* Headers */ = {
			isa = PBXHeadersBuildPhase;
			buildActionMask = 2147483647;
			files = (
				D55CE2D71CECBD5B00A0420B /* MobrandAppWall.h in Headers */,
			);
			runOnlyForDeploymentPostprocessing = 0;
		};
/* End PBXHeadersBuildPhase section */

/* Begin PBXNativeTarget section */
		D500CD221CE9EE9000782096 /* Simplyred */ = {
			isa = PBXNativeTarget;
			buildConfigurationList = D500CD2C1CE9EE9000782096 /* Build configuration list for PBXNativeTarget "Simplyred" */;
			buildPhases = (
				5082876B2CB905F277854F54 /* 📦 Check Pods Manifest.lock */,
				D500CD1E1CE9EE9000782096 /* Sources */,
				D500CD1F1CE9EE9000782096 /* Frameworks */,
				D500CD201CE9EE9000782096 /* Headers */,
				D500CD211CE9EE9000782096 /* Resources */,
				F946845CB0D1F0D254718E4C /* 📦 Copy Pods Resources */,
			);
			buildRules = (
			);
			dependencies = (
			);
			name = Simplyred;
			productName = Simplyred;
			productReference = D500CD231CE9EE9000782096 /* Simplyred.framework */;
			productType = "com.apple.product-type.framework";
		};
		D53BAF251CE23D050042DAB8 /* MobrandAppWall */ = {
			isa = PBXNativeTarget;
			buildConfigurationList = D53BAF2B1CE23D050042DAB8 /* Build configuration list for PBXNativeTarget "MobrandAppWall" */;
			buildPhases = (
				2B8AA4DA0A3CC53C60042533 /* 📦 Check Pods Manifest.lock */,
				D53BAF211CE23D050042DAB8 /* Sources */,
				D53BAF221CE23D050042DAB8 /* Frameworks */,
				D53BAF231CE23D050042DAB8 /* Headers */,
				D53BAF241CE23D050042DAB8 /* Resources */,
				49751FF3202828CD310EFBFB /* 📦 Copy Pods Resources */,
			);
			buildRules = (
			);
			dependencies = (
			);
			name = MobrandAppWall;
			productName = MobrandAppWall;
			productReference = D53BAF261CE23D050042DAB8 /* MobrandAppWall.framework */;
			productType = "com.apple.product-type.framework";
		};
		D53BB0211CE2503C0042DAB8 /* SwiftIntegration */ = {
			isa = PBXNativeTarget;
			buildConfigurationList = D53BB0331CE2503C0042DAB8 /* Build configuration list for PBXNativeTarget "SwiftIntegration" */;
			buildPhases = (
				25F7D5F9D0D6FDD60482C164 /* 📦 Check Pods Manifest.lock */,
				D53BB01E1CE2503C0042DAB8 /* Sources */,
				D53BB01F1CE2503C0042DAB8 /* Frameworks */,
				D53BB0201CE2503C0042DAB8 /* Resources */,
				D53BB03C1CE2504E0042DAB8 /* Embed Frameworks */,
				D696640E386815544EE5533E /* 📦 Embed Pods Frameworks */,
				BAF28BF9BA2B38201157075A /* 📦 Copy Pods Resources */,
			);
			buildRules = (
			);
			dependencies = (
				D53BB03B1CE2504E0042DAB8 /* PBXTargetDependency */,
				D500CD291CE9EE9000782096 /* PBXTargetDependency */,
			);
			name = SwiftIntegration;
			productName = SwiftIntegration;
			productReference = D53BB0221CE2503C0042DAB8 /* SwiftIntegration.app */;
			productType = "com.apple.product-type.application";
		};
/* End PBXNativeTarget section */

/* Begin PBXProject section */
		D53BAF0B1CE23C000042DAB8 /* Project object */ = {
			isa = PBXProject;
			attributes = {
				KnownAssetTags = (
					New,
				);
				LastSwiftUpdateCheck = 0730;
				LastUpgradeCheck = 0730;
				ORGANIZATIONNAME = oJdira;
				TargetAttributes = {
					D500CD221CE9EE9000782096 = {
						CreatedOnToolsVersion = 7.3.1;
					};
					D53BAF251CE23D050042DAB8 = {
						CreatedOnToolsVersion = 7.3.1;
					};
					D53BB0211CE2503C0042DAB8 = {
						CreatedOnToolsVersion = 7.3.1;
					};
				};
			};
			buildConfigurationList = D53BAF0E1CE23C000042DAB8 /* Build configuration list for PBXProject "Mobrand" */;
			compatibilityVersion = "Xcode 3.2";
			developmentRegion = English;
			hasScannedForEncodings = 0;
			knownRegions = (
				en,
				Base,
			);
			mainGroup = D53BAF0A1CE23C000042DAB8;
			productRefGroup = D53BAF151CE23C000042DAB8 /* Products */;
			projectDirPath = "";
			projectRoot = "";
			targets = (
				D53BAF251CE23D050042DAB8 /* MobrandAppWall */,
				D500CD221CE9EE9000782096 /* Simplyred */,
				D53BB0211CE2503C0042DAB8 /* SwiftIntegration */,
			);
		};
/* End PBXProject section */

/* Begin PBXResourcesBuildPhase section */
		D500CD211CE9EE9000782096 /* Resources */ = {
			isa = PBXResourcesBuildPhase;
			buildActionMask = 2147483647;
			files = (
				D5C8FEB91CEA2044000DEBDB /* whitecross.png in Resources */,
				D51801C51CEB779D00F3AA8D /* Images.xcassets in Resources */,
				D500CD391CEA12DE00782096 /* InterstitialViewController.xib in Resources */,
				D5C0D0C11CEA300200B44A5C /* add_icon.png in Resources */,
				D56826651CEA238500D852A3 /* store_logo.png in Resources */,
			);
			runOnlyForDeploymentPostprocessing = 0;
		};
		D53BAF241CE23D050042DAB8 /* Resources */ = {
			isa = PBXResourcesBuildPhase;
			buildActionMask = 2147483647;
			files = (
				D53BAFA01CE2407F0042DAB8 /* AppWallBrandViewCell.xib in Resources */,
				D500CD1A1CE9DDC100782096 /* ic_action_arrow_app_wall_mobrand.png in Resources */,
				D53BAF8D1CE2402F0042DAB8 /* AppWallViewController.xib in Resources */,
				D500CD0A1CE9D05300782096 /* ic_apple_logo_black.png in Resources */,
				D53BAF9A1CE2407F0042DAB8 /* MobrandAppWallSectionNameViewCell.xib in Resources */,
				D53BAF8B1CE2402F0042DAB8 /* AppWallContentViewController.xib in Resources */,
				D53BAF9C1CE2407F0042DAB8 /* MobrandAppWallSectionGridItemsViewCell.xib in Resources */,
				D500CD1C1CE9DE5800782096 /* ic_action_games_app_wall_mobrand.png in Resources */,
				D53BAFAF1CE240CC0042DAB8 /* ic_back_white_app_wall_mobrand.png in Resources */,
				D53BAF9E1CE2407F0042DAB8 /* GridItemViewCell.xib in Resources */,
				D53BAFB21CE240CC0042DAB8 /* ic_mobrando.png in Resources */,
			);
			runOnlyForDeploymentPostprocessing = 0;
		};
		D53BB0201CE2503C0042DAB8 /* Resources */ = {
			isa = PBXResourcesBuildPhase;
			buildActionMask = 2147483647;
			files = (
				D53BB02F1CE2503C0042DAB8 /* LaunchScreen.storyboard in Resources */,
				D53BB0441CE250BC0042DAB8 /* CustomAppWallViewCell.xib in Resources */,
				D53BB02C1CE2503C0042DAB8 /* Assets.xcassets in Resources */,
				D53BB02A1CE2503C0042DAB8 /* Main.storyboard in Resources */,
			);
			runOnlyForDeploymentPostprocessing = 0;
		};
/* End PBXResourcesBuildPhase section */

/* Begin PBXShellScriptBuildPhase section */
		25F7D5F9D0D6FDD60482C164 /* 📦 Check Pods Manifest.lock */ = {
			isa = PBXShellScriptBuildPhase;
			buildActionMask = 2147483647;
			files = (
			);
			inputPaths = (
			);
			name = "📦 Check Pods Manifest.lock";
			outputPaths = (
			);
			runOnlyForDeploymentPostprocessing = 0;
			shellPath = /bin/sh;
			shellScript = "diff \"${PODS_ROOT}/../Podfile.lock\" \"${PODS_ROOT}/Manifest.lock\" > /dev/null\nif [[ $? != 0 ]] ; then\n    cat << EOM\nerror: The sandbox is not in sync with the Podfile.lock. Run 'pod install' or update your CocoaPods installation.\nEOM\n    exit 1\nfi\n";
			showEnvVarsInLog = 0;
		};
		2B8AA4DA0A3CC53C60042533 /* 📦 Check Pods Manifest.lock */ = {
			isa = PBXShellScriptBuildPhase;
			buildActionMask = 2147483647;
			files = (
			);
			inputPaths = (
			);
			name = "📦 Check Pods Manifest.lock";
			outputPaths = (
			);
			runOnlyForDeploymentPostprocessing = 0;
			shellPath = /bin/sh;
			shellScript = "diff \"${PODS_ROOT}/../Podfile.lock\" \"${PODS_ROOT}/Manifest.lock\" > /dev/null\nif [[ $? != 0 ]] ; then\n    cat << EOM\nerror: The sandbox is not in sync with the Podfile.lock. Run 'pod install' or update your CocoaPods installation.\nEOM\n    exit 1\nfi\n";
			showEnvVarsInLog = 0;
		};
		49751FF3202828CD310EFBFB /* 📦 Copy Pods Resources */ = {
			isa = PBXShellScriptBuildPhase;
			buildActionMask = 2147483647;
			files = (
			);
			inputPaths = (
			);
			name = "📦 Copy Pods Resources";
			outputPaths = (
			);
			runOnlyForDeploymentPostprocessing = 0;
			shellPath = /bin/sh;
			shellScript = "\"${SRCROOT}/Pods/Target Support Files/Pods-MobrandAppWall/Pods-MobrandAppWall-resources.sh\"\n";
			showEnvVarsInLog = 0;
		};
		5082876B2CB905F277854F54 /* 📦 Check Pods Manifest.lock */ = {
			isa = PBXShellScriptBuildPhase;
			buildActionMask = 2147483647;
			files = (
			);
			inputPaths = (
			);
			name = "📦 Check Pods Manifest.lock";
			outputPaths = (
			);
			runOnlyForDeploymentPostprocessing = 0;
			shellPath = /bin/sh;
			shellScript = "diff \"${PODS_ROOT}/../Podfile.lock\" \"${PODS_ROOT}/Manifest.lock\" > /dev/null\nif [[ $? != 0 ]] ; then\n    cat << EOM\nerror: The sandbox is not in sync with the Podfile.lock. Run 'pod install' or update your CocoaPods installation.\nEOM\n    exit 1\nfi\n";
			showEnvVarsInLog = 0;
		};
		BAF28BF9BA2B38201157075A /* 📦 Copy Pods Resources */ = {
			isa = PBXShellScriptBuildPhase;
			buildActionMask = 2147483647;
			files = (
			);
			inputPaths = (
			);
			name = "📦 Copy Pods Resources";
			outputPaths = (
			);
			runOnlyForDeploymentPostprocessing = 0;
			shellPath = /bin/sh;
			shellScript = "\"${SRCROOT}/Pods/Target Support Files/Pods-SwiftIntegration/Pods-SwiftIntegration-resources.sh\"\n";
			showEnvVarsInLog = 0;
		};
		D696640E386815544EE5533E /* 📦 Embed Pods Frameworks */ = {
			isa = PBXShellScriptBuildPhase;
			buildActionMask = 2147483647;
			files = (
			);
			inputPaths = (
			);
			name = "📦 Embed Pods Frameworks";
			outputPaths = (
			);
			runOnlyForDeploymentPostprocessing = 0;
			shellPath = /bin/sh;
			shellScript = "\"${SRCROOT}/Pods/Target Support Files/Pods-SwiftIntegration/Pods-SwiftIntegration-frameworks.sh\"\n";
			showEnvVarsInLog = 0;
		};
		F946845CB0D1F0D254718E4C /* 📦 Copy Pods Resources */ = {
			isa = PBXShellScriptBuildPhase;
			buildActionMask = 2147483647;
			files = (
			);
			inputPaths = (
			);
			name = "📦 Copy Pods Resources";
			outputPaths = (
			);
			runOnlyForDeploymentPostprocessing = 0;
			shellPath = /bin/sh;
			shellScript = "\"${SRCROOT}/Pods/Target Support Files/Pods-Simplyred/Pods-Simplyred-resources.sh\"\n";
			showEnvVarsInLog = 0;
		};
/* End PBXShellScriptBuildPhase section */

/* Begin PBXSourcesBuildPhase section */
		D500CD1E1CE9EE9000782096 /* Sources */ = {
			isa = PBXSourcesBuildPhase;
			buildActionMask = 2147483647;
			files = (
				D5C8FEAA1CEA1396000DEBDB /* MobrandInterstitialFactory.swift in Sources */,
				D5C8FEAD1CEA1419000DEBDB /* UIColor.swift in Sources */,
				D5C8FEAF1CEA142A000DEBDB /* UIViewController.swift in Sources */,
				D5C8FEB21CEA176D000DEBDB /* FloatRatingView.swift in Sources */,
				D5C0D0BD1CEA269E00B44A5C /* LoadingOverlay.swift in Sources */,
				D5C0D0BB1CEA25FC00B44A5C /* InterstitialAd.swift in Sources */,
				D5C0D0BF1CEA282F00B44A5C /* ImageLoader.swift in Sources */,
				D500CD381CEA12DE00782096 /* InterstitialViewController.swift in Sources */,
			);
			runOnlyForDeploymentPostprocessing = 0;
		};
		D53BAF211CE23D050042DAB8 /* Sources */ = {
			isa = PBXSourcesBuildPhase;
			buildActionMask = 2147483647;
			files = (
				D53BAF771CE23FCB0042DAB8 /* AppWallAd.swift in Sources */,
				D53BAF991CE2407F0042DAB8 /* MobrandAppWallSectionNameViewCell.swift in Sources */,
				D53BAF821CE23FF90042DAB8 /* AppWallColors.swift in Sources */,
				D53BAFB71CE243B70042DAB8 /* PhoneUtils.swift in Sources */,
				D53BAF841CE23FF90042DAB8 /* CellAnimator.swift in Sources */,
				D53BAF8A1CE2402F0042DAB8 /* AppWallContentViewController.swift in Sources */,
				D53BAF811CE23FF90042DAB8 /* UiObjModelContainer.swift in Sources */,
				D53BAF801CE23FF90042DAB8 /* AdsType.swift in Sources */,
				D53BAF6D1CE23F830042DAB8 /* ThreadHelper.swift in Sources */,
				D53BAF9D1CE2407F0042DAB8 /* GridItemViewCell.swift in Sources */,
				D53BAFB41CE241E60042DAB8 /* MobrandAppWallFactory.swift in Sources */,
				D53BAF751CE23FB80042DAB8 /* ImageLoader.swift in Sources */,
				D53BAF6B1CE23F830042DAB8 /* Resource.swift in Sources */,
				D53BAF6A1CE23F830042DAB8 /* KingfisherOptionsInfo.swift in Sources */,
				D53BAF9F1CE2407F0042DAB8 /* AppWallBrandViewCell.swift in Sources */,
				D53BAF631CE23F830042DAB8 /* ImageCache.swift in Sources */,
				D53BAF691CE23F830042DAB8 /* KingfisherManager.swift in Sources */,
				D53BAF8C1CE2402F0042DAB8 /* AppWallViewController.swift in Sources */,
				D53BAFA41CE240A90042DAB8 /* UIColor.swift in Sources */,
				D53BAF661CE23F830042DAB8 /* ImageTransition.swift in Sources */,
				D53BAF671CE23F830042DAB8 /* ImageView+Kingfisher.swift in Sources */,
				D53BAF6E1CE23F830042DAB8 /* UIButton+Kingfisher.swift in Sources */,
				D53BAF641CE23F830042DAB8 /* ImageDownloader.swift in Sources */,
				D53BAF6C1CE23F830042DAB8 /* String+MD5.swift in Sources */,
				D53BAF831CE23FF90042DAB8 /* AnimateUtil.swift in Sources */,
				D53BAF9B1CE2407F0042DAB8 /* MobrandAppWallSectionGridItemsViewCell.swift in Sources */,
				D53BAFA51CE240A90042DAB8 /* UIViewController.swift in Sources */,
				D53BAF741CE23FB80042DAB8 /* LoadingOverlay.swift in Sources */,
				D53BAF621CE23F830042DAB8 /* Image.swift in Sources */,
				D53BAF651CE23F830042DAB8 /* ImagePrefetcher.swift in Sources */,
			);
			runOnlyForDeploymentPostprocessing = 0;
		};
		D53BB01E1CE2503C0042DAB8 /* Sources */ = {
			isa = PBXSourcesBuildPhase;
			buildActionMask = 2147483647;
			files = (
				D53BB0271CE2503C0042DAB8 /* ViewController.swift in Sources */,
				D53BB0421CE250BC0042DAB8 /* CustomAppWallViewController.swift in Sources */,
				D53BB0251CE2503C0042DAB8 /* AppDelegate.swift in Sources */,
				D53BB0431CE250BC0042DAB8 /* CustomAppWallViewCell.swift in Sources */,
				D53BB0411CE250BC0042DAB8 /* ImageLoader.swift in Sources */,
			);
			runOnlyForDeploymentPostprocessing = 0;
		};
/* End PBXSourcesBuildPhase section */

/* Begin PBXTargetDependency section */
		D500CD291CE9EE9000782096 /* PBXTargetDependency */ = {
			isa = PBXTargetDependency;
			target = D500CD221CE9EE9000782096 /* Simplyred */;
			targetProxy = D500CD281CE9EE9000782096 /* PBXContainerItemProxy */;
		};
		D53BB03B1CE2504E0042DAB8 /* PBXTargetDependency */ = {
			isa = PBXTargetDependency;
			target = D53BAF251CE23D050042DAB8 /* MobrandAppWall */;
			targetProxy = D53BB03A1CE2504E0042DAB8 /* PBXContainerItemProxy */;
		};
/* End PBXTargetDependency section */

/* Begin PBXVariantGroup section */
		D53BB0281CE2503C0042DAB8 /* Main.storyboard */ = {
			isa = PBXVariantGroup;
			children = (
				D53BB0291CE2503C0042DAB8 /* Base */,
			);
			name = Main.storyboard;
			sourceTree = "<group>";
		};
		D53BB02D1CE2503C0042DAB8 /* LaunchScreen.storyboard */ = {
			isa = PBXVariantGroup;
			children = (
				D53BB02E1CE2503C0042DAB8 /* Base */,
			);
			name = LaunchScreen.storyboard;
			sourceTree = "<group>";
		};
/* End PBXVariantGroup section */

/* Begin XCBuildConfiguration section */
		D500CD2D1CE9EE9000782096 /* Debug */ = {
			isa = XCBuildConfiguration;
			baseConfigurationReference = 4E01956823E583DAB299DAAD /* Pods-Simplyred.debug.xcconfig */;
			buildSettings = {
				CLANG_ENABLE_MODULES = YES;
				DEFINES_MODULE = YES;
				DYLIB_COMPATIBILITY_VERSION = 1;
				DYLIB_CURRENT_VERSION = 1;
				DYLIB_INSTALL_NAME_BASE = "@rpath";
				EMBEDDED_CONTENT_CONTAINS_SWIFT = YES;
				INFOPLIST_FILE = Simplyred/Info.plist;
				INSTALL_PATH = "$(LOCAL_LIBRARY_DIR)/Frameworks";
				IPHONEOS_DEPLOYMENT_TARGET = 8.1;
				LD_RUNPATH_SEARCH_PATHS = "$(inherited) @executable_path/Frameworks @loader_path/Frameworks @loader_path/../Frameworks";
				PRODUCT_BUNDLE_IDENTIFIER = com.sdk.Mobrand.interstitial.Simplyred;
				PRODUCT_NAME = "$(TARGET_NAME)";
				SEPARATE_SYMBOL_EDIT = NO;
				SKIP_INSTALL = YES;
				SWIFT_OPTIMIZATION_LEVEL = "-Onone";
				TARGETED_DEVICE_FAMILY = "1,2";
			};
			name = Debug;
		};
		D500CD2E1CE9EE9000782096 /* Release */ = {
			isa = XCBuildConfiguration;
			baseConfigurationReference = 236926F78F37958C8FE08EBE /* Pods-Simplyred.release.xcconfig */;
			buildSettings = {
				CLANG_ENABLE_MODULES = YES;
				DEFINES_MODULE = YES;
				DYLIB_COMPATIBILITY_VERSION = 1;
				DYLIB_CURRENT_VERSION = 1;
				DYLIB_INSTALL_NAME_BASE = "@rpath";
				EMBEDDED_CONTENT_CONTAINS_SWIFT = YES;
				INFOPLIST_FILE = Simplyred/Info.plist;
				INSTALL_PATH = "$(LOCAL_LIBRARY_DIR)/Frameworks";
				IPHONEOS_DEPLOYMENT_TARGET = 8.1;
				LD_RUNPATH_SEARCH_PATHS = "$(inherited) @executable_path/Frameworks @loader_path/Frameworks @loader_path/../Frameworks";
				PRODUCT_BUNDLE_IDENTIFIER = com.sdk.Mobrand.interstitial.Simplyred;
				PRODUCT_NAME = "$(TARGET_NAME)";
				SEPARATE_SYMBOL_EDIT = NO;
				SKIP_INSTALL = YES;
				TARGETED_DEVICE_FAMILY = "1,2";
			};
			name = Release;
		};
		D53BAF1A1CE23C000042DAB8 /* Debug */ = {
			isa = XCBuildConfiguration;
			buildSettings = {
				ALWAYS_SEARCH_USER_PATHS = NO;
				CLANG_ANALYZER_NONNULL = YES;
				CLANG_CXX_LANGUAGE_STANDARD = "gnu++0x";
				CLANG_CXX_LIBRARY = "libc++";
				CLANG_ENABLE_MODULES = YES;
				CLANG_ENABLE_OBJC_ARC = YES;
				CLANG_WARN_BOOL_CONVERSION = YES;
				CLANG_WARN_CONSTANT_CONVERSION = YES;
				CLANG_WARN_DIRECT_OBJC_ISA_USAGE = YES_ERROR;
				CLANG_WARN_EMPTY_BODY = YES;
				CLANG_WARN_ENUM_CONVERSION = YES;
				CLANG_WARN_INT_CONVERSION = YES;
				CLANG_WARN_OBJC_ROOT_CLASS = YES_ERROR;
				CLANG_WARN_UNREACHABLE_CODE = YES;
				CLANG_WARN__DUPLICATE_METHOD_MATCH = YES;
				"CODE_SIGN_IDENTITY[sdk=iphoneos*]" = "iPhone Developer";
				COPY_PHASE_STRIP = NO;
				CURRENT_PROJECT_VERSION = 1;
				DEBUG_INFORMATION_FORMAT = dwarf;
				ENABLE_STRICT_OBJC_MSGSEND = YES;
				ENABLE_TESTABILITY = YES;
				GCC_C_LANGUAGE_STANDARD = gnu99;
				GCC_DYNAMIC_NO_PIC = NO;
				GCC_NO_COMMON_BLOCKS = YES;
				GCC_OPTIMIZATION_LEVEL = 0;
				GCC_PREPROCESSOR_DEFINITIONS = (
					"DEBUG=1",
					"$(inherited)",
				);
				GCC_WARN_64_TO_32_BIT_CONVERSION = YES;
				GCC_WARN_ABOUT_RETURN_TYPE = YES_ERROR;
				GCC_WARN_UNDECLARED_SELECTOR = YES;
				GCC_WARN_UNINITIALIZED_AUTOS = YES_AGGRESSIVE;
				GCC_WARN_UNUSED_FUNCTION = YES;
				GCC_WARN_UNUSED_VARIABLE = YES;
				IPHONEOS_DEPLOYMENT_TARGET = 8.1;
				MTL_ENABLE_DEBUG_INFO = YES;
				ONLY_ACTIVE_ARCH = YES;
				SDKROOT = iphoneos;
				SWIFT_OPTIMIZATION_LEVEL = "-Onone";
				TARGETED_DEVICE_FAMILY = "1,2";
				VERSIONING_SYSTEM = "apple-generic";
				VERSION_INFO_PREFIX = "";
			};
			name = Debug;
		};
		D53BAF1B1CE23C000042DAB8 /* Release */ = {
			isa = XCBuildConfiguration;
			buildSettings = {
				ALWAYS_SEARCH_USER_PATHS = NO;
				CLANG_ANALYZER_NONNULL = YES;
				CLANG_CXX_LANGUAGE_STANDARD = "gnu++0x";
				CLANG_CXX_LIBRARY = "libc++";
				CLANG_ENABLE_MODULES = YES;
				CLANG_ENABLE_OBJC_ARC = YES;
				CLANG_WARN_BOOL_CONVERSION = YES;
				CLANG_WARN_CONSTANT_CONVERSION = YES;
				CLANG_WARN_DIRECT_OBJC_ISA_USAGE = YES_ERROR;
				CLANG_WARN_EMPTY_BODY = YES;
				CLANG_WARN_ENUM_CONVERSION = YES;
				CLANG_WARN_INT_CONVERSION = YES;
				CLANG_WARN_OBJC_ROOT_CLASS = YES_ERROR;
				CLANG_WARN_UNREACHABLE_CODE = YES;
				CLANG_WARN__DUPLICATE_METHOD_MATCH = YES;
				"CODE_SIGN_IDENTITY[sdk=iphoneos*]" = "iPhone Developer";
				COPY_PHASE_STRIP = NO;
				CURRENT_PROJECT_VERSION = 1;
				DEBUG_INFORMATION_FORMAT = "dwarf-with-dsym";
				ENABLE_NS_ASSERTIONS = NO;
				ENABLE_STRICT_OBJC_MSGSEND = YES;
				GCC_C_LANGUAGE_STANDARD = gnu99;
				GCC_NO_COMMON_BLOCKS = YES;
				GCC_WARN_64_TO_32_BIT_CONVERSION = YES;
				GCC_WARN_ABOUT_RETURN_TYPE = YES_ERROR;
				GCC_WARN_UNDECLARED_SELECTOR = YES;
				GCC_WARN_UNINITIALIZED_AUTOS = YES_AGGRESSIVE;
				GCC_WARN_UNUSED_FUNCTION = YES;
				GCC_WARN_UNUSED_VARIABLE = YES;
				IPHONEOS_DEPLOYMENT_TARGET = 8.1;
				MTL_ENABLE_DEBUG_INFO = NO;
				SDKROOT = iphoneos;
				TARGETED_DEVICE_FAMILY = "1,2";
				VALIDATE_PRODUCT = YES;
				VERSIONING_SYSTEM = "apple-generic";
				VERSION_INFO_PREFIX = "";
			};
			name = Release;
		};
		D53BAF2C1CE23D050042DAB8 /* Debug */ = {
			isa = XCBuildConfiguration;
			baseConfigurationReference = 73B2BE4981480D2495CD922D /* Pods-MobrandAppWall.debug.xcconfig */;
			buildSettings = {
				CLANG_ENABLE_MODULES = YES;
				DEFINES_MODULE = YES;
				DYLIB_COMPATIBILITY_VERSION = 1;
				DYLIB_CURRENT_VERSION = 1;
				DYLIB_INSTALL_NAME_BASE = "@rpath";
				EMBEDDED_CONTENT_CONTAINS_SWIFT = YES;
				INFOPLIST_FILE = MobrandAppWall/Info.plist;
				INSTALL_PATH = "$(LOCAL_LIBRARY_DIR)/Frameworks";
				IPHONEOS_DEPLOYMENT_TARGET = 8.1;
				LD_RUNPATH_SEARCH_PATHS = "$(inherited) @executable_path/Frameworks @loader_path/Frameworks";
				PRODUCT_BUNDLE_IDENTIFIER = com.sdk.Mobrand.AppWall;
				PRODUCT_NAME = "$(TARGET_NAME)";
				SKIP_INSTALL = YES;
				SWIFT_OPTIMIZATION_LEVEL = "-Onone";
			};
			name = Debug;
		};
		D53BAF2D1CE23D050042DAB8 /* Release */ = {
			isa = XCBuildConfiguration;
			baseConfigurationReference = 9195C2414A977F9AFC81A180 /* Pods-MobrandAppWall.release.xcconfig */;
			buildSettings = {
				CLANG_ENABLE_MODULES = YES;
				DEFINES_MODULE = YES;
				DYLIB_COMPATIBILITY_VERSION = 1;
				DYLIB_CURRENT_VERSION = 1;
				DYLIB_INSTALL_NAME_BASE = "@rpath";
				EMBEDDED_CONTENT_CONTAINS_SWIFT = YES;
				INFOPLIST_FILE = MobrandAppWall/Info.plist;
				INSTALL_PATH = "$(LOCAL_LIBRARY_DIR)/Frameworks";
				IPHONEOS_DEPLOYMENT_TARGET = 8.1;
				LD_RUNPATH_SEARCH_PATHS = "$(inherited) @executable_path/Frameworks @loader_path/Frameworks";
				PRODUCT_BUNDLE_IDENTIFIER = com.sdk.Mobrand.AppWall;
				PRODUCT_NAME = "$(TARGET_NAME)";
				SKIP_INSTALL = YES;
			};
			name = Release;
		};
		D53BB0311CE2503C0042DAB8 /* Debug */ = {
			isa = XCBuildConfiguration;
			baseConfigurationReference = FD104DA8CF7B58F0A11E4B39 /* Pods-SwiftIntegration.debug.xcconfig */;
			buildSettings = {
				ASSETCATALOG_COMPILER_APPICON_NAME = AppIcon;
				EMBEDDED_CONTENT_CONTAINS_SWIFT = YES;
				INFOPLIST_FILE = SwiftIntegration/Info.plist;
				LD_RUNPATH_SEARCH_PATHS = "$(inherited) @executable_path/Frameworks @loader_path/Frameworks";
				PRODUCT_BUNDLE_IDENTIFIER = com.sdk.Mobrand.Integration.SwiftIntegration;
				PRODUCT_NAME = "$(TARGET_NAME)";
			};
			name = Debug;
		};
		D53BB0321CE2503C0042DAB8 /* Release */ = {
			isa = XCBuildConfiguration;
			baseConfigurationReference = FFD27B1E36B92242B2D7CBB8 /* Pods-SwiftIntegration.release.xcconfig */;
			buildSettings = {
				ASSETCATALOG_COMPILER_APPICON_NAME = AppIcon;
				EMBEDDED_CONTENT_CONTAINS_SWIFT = YES;
				INFOPLIST_FILE = SwiftIntegration/Info.plist;
				LD_RUNPATH_SEARCH_PATHS = "$(inherited) @executable_path/Frameworks @loader_path/Frameworks";
				PRODUCT_BUNDLE_IDENTIFIER = com.sdk.Mobrand.Integration.SwiftIntegration;
				PRODUCT_NAME = "$(TARGET_NAME)";
			};
			name = Release;
		};
/* End XCBuildConfiguration section */

/* Begin XCConfigurationList section */
		D500CD2C1CE9EE9000782096 /* Build configuration list for PBXNativeTarget "Simplyred" */ = {
			isa = XCConfigurationList;
			buildConfigurations = (
				D500CD2D1CE9EE9000782096 /* Debug */,
				D500CD2E1CE9EE9000782096 /* Release */,
			);
			defaultConfigurationIsVisible = 0;
			defaultConfigurationName = Release;
		};
		D53BAF0E1CE23C000042DAB8 /* Build configuration list for PBXProject "Mobrand" */ = {
			isa = XCConfigurationList;
			buildConfigurations = (
				D53BAF1A1CE23C000042DAB8 /* Debug */,
				D53BAF1B1CE23C000042DAB8 /* Release */,
			);
			defaultConfigurationIsVisible = 0;
			defaultConfigurationName = Release;
		};
		D53BAF2B1CE23D050042DAB8 /* Build configuration list for PBXNativeTarget "MobrandAppWall" */ = {
			isa = XCConfigurationList;
			buildConfigurations = (
				D53BAF2C1CE23D050042DAB8 /* Debug */,
				D53BAF2D1CE23D050042DAB8 /* Release */,
			);
			defaultConfigurationIsVisible = 0;
			defaultConfigurationName = Release;
		};
		D53BB0331CE2503C0042DAB8 /* Build configuration list for PBXNativeTarget "SwiftIntegration" */ = {
			isa = XCConfigurationList;
			buildConfigurations = (
				D53BB0311CE2503C0042DAB8 /* Debug */,
				D53BB0321CE2503C0042DAB8 /* Release */,
			);
			defaultConfigurationIsVisible = 0;
			defaultConfigurationName = Release;
		};
/* End XCConfigurationList section */
	};
	rootObject = D53BAF0B1CE23C000042DAB8 /* Project object */;
}
