PODS:
  - Cosmos (1.2.3)
  - MobrandCore (0.0.2)

DEPENDENCIES:
  - Cosmos (~> 1.2)
  - MobrandCore (from `../MobrandCore`)

EXTERNAL SOURCES:
  MobrandCore:
    :path: ../MobrandCore

SPEC CHECKSUMS:
  Cosmos: efddd01b729956ad6335bc58bc92e5735a1d12a3
  MobrandCore: c8367a396c090434582f513944e477a592cc4791

PODFILE CHECKSUM: 823654a15837ccd580e60a7fe852f8833b5781dc

COCOAPODS: 1.0.0
