PODS:
  - Cosmos (1.2.2)
  - MobrandCore (0.0.1)

DEPENDENCIES:
  - Cosmos (~> 1.2)
  - MobrandCore

SPEC CHECKSUMS:
  Cosmos: 87c49100c69d2cb2eebfa4eb8d1e801fe29ff774
  MobrandCore: f9e6209c8137597f23fcbe9bae3699f7d81d5a09

PODFILE CHECKSUM: 111c2a7847a3ce0fd19ce89df199f570932910fe

COCOAPODS: 1.0.0
